// !$*UTF8*$!
{
	archiveVersion = 1;
	classes = {
	};
	objectVersion = 55;
	objects = {

/* Begin PBXBuildFile section */
		865FC8AB2851652C000AB5DB /* CardModel.swift in Sources */ = {isa = PBXBuildFile; fileRef = 865FC8AA2851652C000AB5DB /* CardModel.swift */; };
		865FC8AD285166E6000AB5DB /* CardData.swift in Sources */ = {isa = PBXBuildFile; fileRef = 865FC8AC285166E6000AB5DB /* CardData.swift */; };
		865FC8AF28516BFD000AB5DB /* sound-chime.mp3 in Resources */ = {isa = PBXBuildFile; fileRef = 865FC8AE28516BFD000AB5DB /* sound-chime.mp3 */; };
		865FC8B128516C37000AB5DB /* PlaySound.swift in Sources */ = {isa = PBXBuildFile; fileRef = 865FC8B028516C37000AB5DB /* PlaySound.swift */; };
		869FC52C28503F5F00C962EC /* DevsApp.swift in Sources */ = {isa = PBXBuildFile; fileRef = 869FC52B28503F5F00C962EC /* DevsApp.swift */; };
		869FC52E28503F5F00C962EC /* ContentView.swift in Sources */ = {isa = PBXBuildFile; fileRef = 869FC52D28503F5F00C962EC /* ContentView.swift */; };
		869FC53028503F6200C962EC /* Assets.xcassets in Resources */ = {isa = PBXBuildFile; fileRef = 869FC52F28503F6200C962EC /* Assets.xcassets */; };
		869FC53328503F6200C962EC /* Preview Assets.xcassets in Resources */ = {isa = PBXBuildFile; fileRef = 869FC53228503F6200C962EC /* Preview Assets.xcassets */; };
		869FC53A285044F200C962EC /* LaunchScreen.storyboard in Resources */ = {isa = PBXBuildFile; fileRef = 869FC539285044F200C962EC /* LaunchScreen.storyboard */; };
		869FC53C285047CE00C962EC /* CardView.swift in Sources */ = {isa = PBXBuildFile; fileRef = 869FC53B285047CE00C962EC /* CardView.swift */; };
/* End PBXBuildFile section */

/* Begin PBXFileReference section */
		865FC8AA2851652C000AB5DB /* CardModel.swift */ = {isa = PBXFileReference; lastKnownFileType = sourcecode.swift; path = CardModel.swift; sourceTree = "<group>"; };
		865FC8AC285166E6000AB5DB /* CardData.swift */ = {isa = PBXFileReference; lastKnownFileType = sourcecode.swift; path = CardData.swift; sourceTree = "<group>"; };
		865FC8AE28516BFD000AB5DB /* sound-chime.mp3 */ = {isa = PBXFileReference; lastKnownFileType = audio.mp3; path = "sound-chime.mp3"; sourceTree = "<group>"; };
		865FC8B028516C37000AB5DB /* PlaySound.swift */ = {isa = PBXFileReference; lastKnownFileType = sourcecode.swift; path = PlaySound.swift; sourceTree = "<group>"; };
		869FC52828503F5F00C962EC /* Devs.app */ = {isa = PBXFileReference; explicitFileType = wrapper.application; includeInIndex = 0; path = Devs.app; sourceTree = BUILT_PRODUCTS_DIR; };
		869FC52B28503F5F00C962EC /* DevsApp.swift */ = {isa = PBXFileReference; lastKnownFileType = sourcecode.swift; path = DevsApp.swift; sourceTree = "<group>"; };
		869FC52D28503F5F00C962EC /* ContentView.swift */ = {isa = PBXFileReference; lastKnownFileType = sourcecode.swift; path = ContentView.swift; sourceTree = "<group>"; };
		869FC52F28503F6200C962EC /* Assets.xcassets */ = {isa = PBXFileReference; lastKnownFileType = folder.assetcatalog; path = Assets.xcassets; sourceTree = "<group>"; };
		869FC53228503F6200C962EC /* Preview Assets.xcassets */ = {isa = PBXFileReference; lastKnownFileType = folder.assetcatalog; path = "Preview Assets.xcassets"; sourceTree = "<group>"; };
		869FC539285044F200C962EC /* LaunchScreen.storyboard */ = {isa = PBXFileReference; lastKnownFileType = file.storyboard; path = LaunchScreen.storyboard; sourceTree = "<group>"; };
		869FC53B285047CE00C962EC /* CardView.swift */ = {isa = PBXFileReference; lastKnownFileType = sourcecode.swift; path = CardView.swift; sourceTree = "<group>"; };
/* End PBXFileReference section */

/* Begin PBXFrameworksBuildPhase section */
		869FC52528503F5F00C962EC /* Frameworks */ = {
			isa = PBXFrameworksBuildPhase;
			buildActionMask = 2147483647;
			files = (
			);
			runOnlyForDeploymentPostprocessing = 0;
		};
/* End PBXFrameworksBuildPhase section */

/* Begin PBXGroup section */
		869FC51F28503F5F00C962EC = {
			isa = PBXGroup;
			children = (
				869FC52A28503F5F00C962EC /* Devs */,
				869FC52928503F5F00C962EC /* Products */,
			);
			sourceTree = "<group>";
		};
		869FC52928503F5F00C962EC /* Products */ = {
			isa = PBXGroup;
			children = (
				869FC52828503F5F00C962EC /* Devs.app */,
			);
			name = Products;
			sourceTree = "<group>";
		};
		869FC52A28503F5F00C962EC /* Devs */ = {
			isa = PBXGroup;
			children = (
				865FC8AE28516BFD000AB5DB /* sound-chime.mp3 */,
				869FC52B28503F5F00C962EC /* DevsApp.swift */,
				865FC8B028516C37000AB5DB /* PlaySound.swift */,
				869FC52D28503F5F00C962EC /* ContentView.swift */,
				865FC8AA2851652C000AB5DB /* CardModel.swift */,
				869FC53B285047CE00C962EC /* CardView.swift */,
				865FC8AC285166E6000AB5DB /* CardData.swift */,
				869FC539285044F200C962EC /* LaunchScreen.storyboard */,
				869FC52F28503F6200C962EC /* Assets.xcassets */,
				869FC53128503F6200C962EC /* Preview Content */,
			);
			path = Devs;
			sourceTree = "<group>";
		};
		869FC53128503F6200C962EC /* Preview Content */ = {
			isa = PBXGroup;
			children = (
				869FC53228503F6200C962EC /* Preview Assets.xcassets */,
			);
			path = "Preview Content";
			sourceTree = "<group>";
		};
/* End PBXGroup section */

/* Begin PBXNativeTarget section */
		869FC52728503F5F00C962EC /* Devs */ = {
			isa = PBXNativeTarget;
			buildConfigurationList = 869FC53628503F6200C962EC /* Build configuration list for PBXNativeTarget "Devs" */;
			buildPhases = (
				869FC52428503F5F00C962EC /* Sources */,
				869FC52528503F5F00C962EC /* Frameworks */,
				869FC52628503F5F00C962EC /* Resources */,
			);
			buildRules = (
			);
			dependencies = (
			);
			name = Devs;
			productName = Devs;
			productReference = 869FC52828503F5F00C962EC /* Devs.app */;
			productType = "com.apple.product-type.application";
		};
/* End PBXNativeTarget section */

/* Begin PBXProject section */
		869FC52028503F5F00C962EC /* Project object */ = {
			isa = PBXProject;
			attributes = {
				BuildIndependentTargetsInParallel = 1;
				LastSwiftUpdateCheck = 1340;
				LastUpgradeCheck = 1340;
				TargetAttributes = {
					869FC52728503F5F00C962EC = {
						CreatedOnToolsVersion = 13.4;
					};
				};
			};
			buildConfigurationList = 869FC52328503F5F00C962EC /* Build configuration list for PBXProject "Devs" */;
			compatibilityVersion = "Xcode 13.0";
			developmentRegion = en;
			hasScannedForEncodings = 0;
			knownRegions = (
				en,
				Base,
			);
			mainGroup = 869FC51F28503F5F00C962EC;
			productRefGroup = 869FC52928503F5F00C962EC /* Products */;
			projectDirPath = "";
			projectRoot = "";
			targets = (
				869FC52728503F5F00C962EC /* Devs */,
			);
		};
/* End PBXProject section */

/* Begin PBXResourcesBuildPhase section */
		869FC52628503F5F00C962EC /* Resources */ = {
			isa = PBXResourcesBuildPhase;
			buildActionMask = 2147483647;
			files = (
				869FC53A285044F200C962EC /* LaunchScreen.storyboard in Resources */,
				865FC8AF28516BFD000AB5DB /* sound-chime.mp3 in Resources */,
				869FC53328503F6200C962EC /* Preview Assets.xcassets in Resources */,
				869FC53028503F6200C962EC /* Assets.xcassets in Resources */,
			);
			runOnlyForDeploymentPostprocessing = 0;
		};
/* End PBXResourcesBuildPhase section */

/* Begin PBXSourcesBuildPhase section */
		869FC52428503F5F00C962EC /* Sources */ = {
			isa = PBXSourcesBuildPhase;
			buildActionMask = 2147483647;
			files = (
				865FC8AD285166E6000AB5DB /* CardData.swift in Sources */,
				865FC8B128516C37000AB5DB /* PlaySound.swift in Sources */,
				869FC52E28503F5F00C962EC /* ContentView.swift in Sources */,
				865FC8AB2851652C000AB5DB /* CardModel.swift in Sources */,
				869FC53C285047CE00C962EC /* CardView.swift in Sources */,
				869FC52C28503F5F00C962EC /* DevsApp.swift in Sources */,
			);
			runOnlyForDeploymentPostprocessing = 0;
		};
/* End PBXSourcesBuildPhase section */

/* Begin XCBuildConfiguration section */
		869FC53428503F6200C962EC /* Debug */ = {
			isa = XCBuildConfiguration;
			buildSettings = {
				ALWAYS_SEARCH_USER_PATHS = NO;
				CLANG_ANALYZER_NONNULL = YES;
				CLANG_ANALYZER_NUMBER_OBJECT_CONVERSION = YES_AGGRESSIVE;
				CLANG_CXX_LANGUAGE_STANDARD = "gnu++17";
				CLANG_ENABLE_MODULES = YES;
				CLANG_ENABLE_OBJC_ARC = YES;
				CLANG_ENABLE_OBJC_WEAK = YES;
				CLANG_WARN_BLOCK_CAPTURE_AUTORELEASING = YES;
				CLANG_WARN_BOOL_CONVERSION = YES;
				CLANG_WARN_COMMA = YES;
				CLANG_WARN_CONSTANT_CONVERSION = YES;
				CLANG_WARN_DEPRECATED_OBJC_IMPLEMENTATIONS = YES;
				CLANG_WARN_DIRECT_OBJC_ISA_USAGE = YES_ERROR;
				CLANG_WARN_DOCUMENTATION_COMMENTS = YES;
				CLANG_WARN_EMPTY_BODY = YES;
				CLANG_WARN_ENUM_CONVERSION = YES;
				CLANG_WARN_INFINITE_RECURSION = YES;
				CLANG_WARN_INT_CONVERSION = YES;
				CLANG_WARN_NON_LITERAL_NULL_CONVERSION = YES;
				CLANG_WARN_OBJC_IMPLICIT_RETAIN_SELF = YES;
				CLANG_WARN_OBJC_LITERAL_CONVERSION = YES;
				CLANG_WARN_OBJC_ROOT_CLASS = YES_ERROR;
				CLANG_WARN_QUOTED_INCLUDE_IN_FRAMEWORK_HEADER = YES;
				CLANG_WARN_RANGE_LOOP_ANALYSIS = YES;
				CLANG_WARN_STRICT_PROTOTYPES = YES;
				CLANG_WARN_SUSPICIOUS_MOVE = YES;
				CLANG_WARN_UNGUARDED_AVAILABILITY = YES_AGGRESSIVE;
				CLANG_WARN_UNREACHABLE_CODE = YES;
				CLANG_WARN__DUPLICATE_METHOD_MATCH = YES;
				COPY_PHASE_STRIP = NO;
				DEBUG_INFORMATION_FORMAT = dwarf;
				ENABLE_STRICT_OBJC_MSGSEND = YES;
				ENABLE_TESTABILITY = YES;
				GCC_C_LANGUAGE_STANDARD = gnu11;
				GCC_DYNAMIC_NO_PIC = NO;
				GCC_NO_COMMON_BLOCKS = YES;
				GCC_OPTIMIZATION_LEVEL = 0;
				GCC_PREPROCESSOR_DEFINITIONS = (
					"DEBUG=1",
					"$(inherited)",
				);
				GCC_WARN_64_TO_32_BIT_CONVERSION = YES;
				GCC_WARN_ABOUT_RETURN_TYPE = YES_ERROR;
				GCC_WARN_UNDECLARED_SELECTOR = YES;
				GCC_WARN_UNINITIALIZED_AUTOS = YES_AGGRESSIVE;
				GCC_WARN_UNUSED_FUNCTION = YES;
				GCC_WARN_UNUSED_VARIABLE = YES;
				INFOPLIST_KEY_UILaunchStoryboardName = "";
				IPHONEOS_DEPLOYMENT_TARGET = 15.5;
				MTL_ENABLE_DEBUG_INFO = INCLUDE_SOURCE;
				MTL_FAST_MATH = YES;
				ONLY_ACTIVE_ARCH = YES;
				SDKROOT = iphoneos;
				SWIFT_ACTIVE_COMPILATION_CONDITIONS = DEBUG;
				SWIFT_OPTIMIZATION_LEVEL = "-Onone";
			};
			name = Debug;
		};
		869FC53528503F6200C962EC /* Release */ = {
			isa = XCBuildConfiguration;
			buildSettings = {
				ALWAYS_SEARCH_USER_PATHS = NO;
				CLANG_ANALYZER_NONNULL = YES;
				CLANG_ANALYZER_NUMBER_OBJECT_CONVERSION = YES_AGGRESSIVE;
				CLANG_CXX_LANGUAGE_STANDARD = "gnu++17";
				CLANG_ENABLE_MODULES = YES;
				CLANG_ENABLE_OBJC_ARC = YES;
				CLANG_ENABLE_OBJC_WEAK = YES;
				CLANG_WARN_BLOCK_CAPTURE_AUTORELEASING = YES;
				CLANG_WARN_BOOL_CONVERSION = YES;
				CLANG_WARN_COMMA = YES;
				CLANG_WARN_CONSTANT_CONVERSION = YES;
				CLANG_WARN_DEPRECATED_OBJC_IMPLEMENTATIONS = YES;
				CLANG_WARN_DIRECT_OBJC_ISA_USAGE = YES_ERROR;
				CLANG_WARN_DOCUMENTATION_COMMENTS = YES;
				CLANG_WARN_EMPTY_BODY = YES;
				CLANG_WARN_ENUM_CONVERSION = YES;
				CLANG_WARN_INFINITE_RECURSION = YES;
				CLANG_WARN_INT_CONVERSION = YES;
				CLANG_WARN_NON_LITERAL_NULL_CONVERSION = YES;
				CLANG_WARN_OBJC_IMPLICIT_RETAIN_SELF = YES;
				CLANG_WARN_OBJC_LITERAL_CONVERSION = YES;
				CLANG_WARN_OBJC_ROOT_CLASS = YES_ERROR;
				CLANG_WARN_QUOTED_INCLUDE_IN_FRAMEWORK_HEADER = YES;
				CLANG_WARN_RANGE_LOOP_ANALYSIS = YES;
				CLANG_WARN_STRICT_PROTOTYPES = YES;
				CLANG_WARN_SUSPICIOUS_MOVE = YES;
				CLANG_WARN_UNGUARDED_AVAILABILITY = YES_AGGRESSIVE;
				CLANG_WARN_UNREACHABLE_CODE = YES;
				CLANG_WARN__DUPLICATE_METHOD_MATCH = YES;
				COPY_PHASE_STRIP = NO;
				DEBUG_INFORMATION_FORMAT = "dwarf-with-dsym";
				ENABLE_NS_ASSERTIONS = NO;
				ENABLE_STRICT_OBJC_MSGSEND = YES;
				GCC_C_LANGUAGE_STANDARD = gnu11;
				GCC_NO_COMMON_BLOCKS = YES;
				GCC_WARN_64_TO_32_BIT_CONVERSION = YES;
				GCC_WARN_ABOUT_RETURN_TYPE = YES_ERROR;
				GCC_WARN_UNDECLARED_SELECTOR = YES;
				GCC_WARN_UNINITIALIZED_AUTOS = YES_AGGRESSIVE;
				GCC_WARN_UNUSED_FUNCTION = YES;
				GCC_WARN_UNUSED_VARIABLE = YES;
				IPHONEOS_DEPLOYMENT_TARGET = 15.5;
				MTL_ENABLE_DEBUG_INFO = NO;
				MTL_FAST_MATH = YES;
				SDKROOT = iphoneos;
				SWIFT_COMPILATION_MODE = wholemodule;
				SWIFT_OPTIMIZATION_LEVEL = "-O";
				VALIDATE_PRODUCT = YES;
			};
			name = Release;
		};
		869FC53728503F6200C962EC /* Debug */ = {
			isa = XCBuildConfiguration;
			buildSettings = {
				ASSETCATALOG_COMPILER_APPICON_NAME = AppIcon;
				ASSETCATALOG_COMPILER_GLOBAL_ACCENT_COLOR_NAME = AccentColor;
				CODE_SIGN_STYLE = Automatic;
				CURRENT_PROJECT_VERSION = 1;
				DEVELOPMENT_ASSET_PATHS = "\"Devs/Preview Content\"";
				DEVELOPMENT_TEAM = 7J27C6KE2Q;
				ENABLE_PREVIEWS = YES;
				GENERATE_INFOPLIST_FILE = YES;
				INFOPLIST_KEY_UIApplicationSceneManifest_Generation = YES;
				INFOPLIST_KEY_UIApplicationSupportsIndirectInputEvents = YES;
				INFOPLIST_KEY_UILaunchScreen_Generation = YES;
				INFOPLIST_KEY_UILaunchStoryboardName = LaunchScreen;
				INFOPLIST_KEY_UISupportedInterfaceOrientations_iPad = "UIInterfaceOrientationPortrait UIInterfaceOrientationPortraitUpsideDown UIInterfaceOrientationLandscapeLeft UIInterfaceOrientationLandscapeRight";
				INFOPLIST_KEY_UISupportedInterfaceOrientations_iPhone = "UIInterfaceOrientationPortrait UIInterfaceOrientationLandscapeLeft UIInterfaceOrientationLandscapeRight";
				LD_RUNPATH_SEARCH_PATHS = (
					"$(inherited)",
					"@executable_path/Frameworks",
				);
				MARKETING_VERSION = 1.0;
				PRODUCT_BUNDLE_IDENTIFIER = OnceDev.Devs;
				PRODUCT_NAME = "$(TARGET_NAME)";
				SWIFT_EMIT_LOC_STRINGS = YES;
				SWIFT_VERSION = 5.0;
				TARGETED_DEVICE_FAMILY = "1,2";
			};
			name = Debug;
		};
		869FC53828503F6200C962EC /* Release */ = {
			isa = XCBuildConfiguration;
			buildSettings = {
				ASSETCATALOG_COMPILER_APPICON_NAME = AppIcon;
				ASSETCATALOG_COMPILER_GLOBAL_ACCENT_COLOR_NAME = AccentColor;
				CODE_SIGN_STYLE = Automatic;
				CURRENT_PROJECT_VERSION = 1;
				DEVELOPMENT_ASSET_PATHS = "\"Devs/Preview Content\"";
				DEVELOPMENT_TEAM = 7J27C6KE2Q;
				ENABLE_PREVIEWS = YES;
				GENERATE_INFOPLIST_FILE = YES;
				INFOPLIST_KEY_UIApplicationSceneManifest_Generation = YES;
				INFOPLIST_KEY_UIApplicationSupportsIndirectInputEvents = YES;
				INFOPLIST_KEY_UILaunchScreen_Generation = YES;
				INFOPLIST_KEY_UILaunchStoryboardName = LaunchScreen;
				INFOPLIST_KEY_UISupportedInterfaceOrientations_iPad = "UIInterfaceOrientationPortrait UIInterfaceOrientationPortraitUpsideDown UIInterfaceOrientationLandscapeLeft UIInterfaceOrientationLandscapeRight";
				INFOPLIST_KEY_UISupportedInterfaceOrientations_iPhone = "UIInterfaceOrientationPortrait UIInterfaceOrientationLandscapeLeft UIInterfaceOrientationLandscapeRight";
				LD_RUNPATH_SEARCH_PATHS = (
					"$(inherited)",
					"@executable_path/Frameworks",
				);
				MARKETING_VERSION = 1.0;
				PRODUCT_BUNDLE_IDENTIFIER = OnceDev.Devs;
				PRODUCT_NAME = "$(TARGET_NAME)";
				SWIFT_EMIT_LOC_STRINGS = YES;
				SWIFT_VERSION = 5.0;
				TARGETED_DEVICE_FAMILY = "1,2";
			};
			name = Release;
		};
/* End XCBuildConfiguration section */

/* Begin XCConfigurationList section */
		869FC52328503F5F00C962EC /* Build configuration list for PBXProject "Devs" */ = {
			isa = XCConfigurationList;
			buildConfigurations = (
				869FC53428503F6200C962EC /* Debug */,
				869FC53528503F6200C962EC /* Release */,
			);
			defaultConfigurationIsVisible = 0;
			defaultConfigurationName = Release;
		};
		869FC53628503F6200C962EC /* Build configuration list for PBXNativeTarget "Devs" */ = {
			isa = XCConfigurationList;
			buildConfigurations = (
				869FC53728503F6200C962EC /* Debug */,
				869FC53828503F6200C962EC /* Release */,
			);
			defaultConfigurationIsVisible = 0;
			defaultConfigurationName = Release;
		};
/* End XCConfigurationList section */
	};
	rootObject = 869FC52028503F5F00C962EC /* Project object */;
}
